[[dependencies]]
name = "@openzeppelin-contracts"
version = "5.2.0"
git = "https://github.com/OpenZeppelin/openzeppelin-contracts.git"
rev = "7ccb79f6ce7c69b0c0c311235c3ce3bad99dccca"

[[dependencies]]
name = "account-abstraction"
version = "0.7.0"
git = "https://github.com/eth-infinitism/account-abstraction"
rev = "fe4b2df5f2d9620b6826f61c1105676d0b4730dc"

[[dependencies]]
name = "forge-std"
version = "1.9.5"
url = "https://soldeer-revisions.s3.amazonaws.com/forge-std/1_9_5_21-12-2024_15:04:05_forge-std-1.9.zip"
checksum = "57ada736f383289db77fac4472d48f820e7c98172cf9b01681b0c37065ce043f"
integrity = "4753ffdfa0dde40878372b6a4d8e8fd1648b190b33996896c8b92f6f1680850f"

[[dependencies]]
name = "openzeppelin-community-contracts"
version = "0.0.1"
git = "https://github.com/OpenZeppelin/openzeppelin-community-contracts.git"
rev = "03a756ced4410403f4f11746b483c0619733c633"
